PODS:
  - Alamofire (4.7.2)
  - Bolts (1.9.0):
    - Bolts/AppLinks (= 1.9.0)
    - Bolts/Tasks (= 1.9.0)
  - Bolts/AppLinks (1.9.0):
    - Bolts/Tasks
  - Bolts/Tasks (1.9.0)
  - Crashlytics (3.10.2):
    - Fabric (~> 1.7.7)
  - ErykIosCommon (0.2.0):
    - Alamofire (~> 4.7.2)
    - Kingfisher (~> 4.8.0)
    - Moya-ObjectMapper/RxSwift (~> 2.5)
    - Moya/RxSwift (~> 10.0.2)
    - ObjectMapper (~> 3.0.0)
    - RxSwift (~> 4.0.0)
    - SkyFloatingLabelTextField (~> 3.5.1)
    - Swinject (~> 2.4.1)
    - SwinjectAutoregistration (~> 2.1.1)
    - SwinjectStoryboard (~> 2.0.1)
    - Whisper (~> 6.0.2)
    - XCGLogger (~> 6.0.2)
  - Fabric (1.7.7)
  - FacebookCore (0.3.1):
    - Bolts (~> 1.8)
    - FBSDKCoreKit (~> 4.33)
  - FacebookLogin (0.3.1):
    - Bolts (~> 1.8)
    - FacebookCore (~> 0.3.1)
    - FBSDKCoreKit (~> 4.33)
    - FBSDKLoginKit (~> 4.33)
  - FacebookShare (0.3.1):
    - Bolts (~> 1.8)
    - FacebookCore (~> 0.3.1)
    - FBSDKCoreKit (~> 4.33)
    - FBSDKShareKit (~> 4.33)
  - FBSDKCoreKit (4.33.0):
    - Bolts (~> 1.7)
  - FBSDKLoginKit (4.33.0):
    - FBSDKCoreKit
  - FBSDKShareKit (4.33.0):
    - FBSDKCoreKit (~> 4.33.0)
  - Kingfisher (4.8.0)
  - Moya (10.0.2):
    - Moya/Core (= 10.0.2)
  - Moya-ObjectMapper/Core (2.5):
    - Moya (~> 10.0.0)
    - ObjectMapper (~> 3.0.0)
  - Moya-ObjectMapper/RxSwift (2.5):
    - Moya-ObjectMapper/Core
    - Moya/RxSwift
    - RxSwift (~> 4.0.0)
  - Moya/Core (10.0.2):
    - Alamofire (~> 4.1)
    - Result (~> 3.0)
  - Moya/RxSwift (10.0.2):
    - Moya/Core
    - RxSwift (~> 4.0)
  - Nimble (7.1.2)
  - ObjcExceptionBridging (1.0.1):
    - ObjcExceptionBridging/ObjcExceptionBridging (= 1.0.1)
  - ObjcExceptionBridging/ObjcExceptionBridging (1.0.1)
  - ObjectMapper (3.0.0)
  - Quick (1.3.0)
  - Result (3.2.4)
  - RxBlocking (4.2.0):
    - RxSwift (~> 4.0)
  - RxSwift (4.0.0)
  - SkyFloatingLabelTextField (3.5.1)
  - SwiftLint (0.25.1)
  - Swinject (2.4.1)
  - SwinjectAutoregistration (2.1.1):
    - Swinject (~> 2.1)
  - SwinjectStoryboard (2.0.1):
    - Swinject (~> 2.4)
  - Whisper (6.0.2)
  - XCGLogger (6.0.2):
    - XCGLogger/Core (= 6.0.2)
  - XCGLogger/Core (6.0.2):
    - ObjcExceptionBridging

DEPENDENCIES:
  - Bolts
  - Crashlytics
  - ErykIosCommon (from `./ErykIosCommon`)
  - Fabric
  - FacebookCore (~> 0.3.1)
  - FacebookLogin (~> 0.3.1)
  - FacebookShare (~> 0.3.1)
  - Nimble
  - Quick
  - RxBlocking
  - SwiftLint (~> 0.25.1)

EXTERNAL SOURCES:
  ErykIosCommon:
    :path: ./ErykIosCommon

SPEC CHECKSUMS:
  Alamofire: e4fa87002c137ba2d8d634d2c51fabcda0d5c223
  Bolts: ac6567323eac61e203f6a9763667d0f711be34c8
  Crashlytics: 0360624eea1c978a743feddb2fb1ef8b37fb7a0d
  ErykIosCommon: 6b38af6272555302bed3a4b1a8af99cf33db2146
  Fabric: bda89e242bce1b7b8ab264248cf3407774ce0095
  FacebookCore: 33078ef1d7d76b73f7e8c990dca7d3ea6db8d22f
  FacebookLogin: 6f15bf4fefd7a8865abbfa8fcd7f3dfd87aa275f
  FacebookShare: c9ee8e5399d961fda00ded9befccacfe04fccf93
  FBSDKCoreKit: 572b047a7e029bc44542bcf8a59414e7ff2b543e
  FBSDKLoginKit: 88cb456349cfb3b554427ce4f8b43729d85dfb40
  FBSDKShareKit: 1869cb24db2cea90666a50cb9d568deb38e2d16e
  Kingfisher: 976d828df2b24834c6a3f2fc4d82cdbd26552be1
  Moya: 2b0531a9fef318e0bc484030c3db1e6f279ccb66
  Moya-ObjectMapper: 167adf69db0298bf3a19ea05cb9a16ee117c8ef5
  Nimble: 3835ba9f459daa6b347f8a8e110aaae8ca1920a8
  ObjcExceptionBridging: c30e00eb3700467e695faeea30e26e18bd445001
  ObjectMapper: 92230db59bf8f341a5c3a3cf0b9fbdde3cf0d87f
  Quick: 03278013f71aa05fe9ecabc94fbcc6835f1ee76f
  Result: d2d07204ce72856f1fd9130bbe42c35a7b0fea10
  RxBlocking: e339d8a6e752e25ade95ff858466c55436668f59
  RxSwift: fd680d75283beb5e2559486f3c0ff852f0d35334
  SkyFloatingLabelTextField: 4cbeece9c3aae97c6019d8fae511cb5b755874f7
  SwiftLint: ce933681be10c3266e82576dad676fa815a602e9
  Swinject: f7f15a9672e99328c1f07f277091087917215700
  SwinjectAutoregistration: d06b56bd8f912b9fb9c59c15181342558a734b1b
  SwinjectStoryboard: ad2529218a1504cc888040ee56c13d7cb1cc7998
  Whisper: 169760fc4bab0abf24d5529f9276f95c25cf1025
  XCGLogger: c9601cae9a8912de34a58666ba931ed3d624dd31

PODFILE CHECKSUM: 8a50355c667d9b551a12cbe11748e273e52d0584

COCOAPODS: 1.4.0
