// !$*UTF8*$!
{
	archiveVersion = 1;
	classes = {
	};
	objectVersion = 46;
	objects = {

/* Begin PBXBuildFile section */
		6377A4092DDD4F54FBDF8304 /* Pods_fitbook_iosTests.framework in Frameworks */ = {isa = PBXBuildFile; fileRef = 5BD9B8235962A57DE5F3B523 /* Pods_fitbook_iosTests.framework */; };
		8E03B3311EECA0BE00933500 /* ImageUIHelper.swift in Sources */ = {isa = PBXBuildFile; fileRef = 8E03B3301EECA0BE00933500 /* ImageUIHelper.swift */; };
		8E03B3331EECA3E400933500 /* FitbookStringHelper.swift in Sources */ = {isa = PBXBuildFile; fileRef = 8E03B3321EECA3E400933500 /* FitbookStringHelper.swift */; };
		8E03B3361EECB7F700933500 /* MyGymsViewController.swift in Sources */ = {isa = PBXBuildFile; fileRef = 8E03B3351EECB7F700933500 /* MyGymsViewController.swift */; };
		8E03B3381EECBD5F00933500 /* GymJoinResult.swift in Sources */ = {isa = PBXBuildFile; fileRef = 8E03B3371EECBD5F00933500 /* GymJoinResult.swift */; };
		8E07F4351EEBF55C008572D4 /* MoreViewController.swift in Sources */ = {isa = PBXBuildFile; fileRef = 8E07F4341EEBF55C008572D4 /* MoreViewController.swift */; };
		8E07F4371EEC1D8E008572D4 /* MapKitHelper.swift in Sources */ = {isa = PBXBuildFile; fileRef = 8E07F4361EEC1D8E008572D4 /* MapKitHelper.swift */; };
		8E07F43A1EEC35A4008572D4 /* GymAlamoStore.swift in Sources */ = {isa = PBXBuildFile; fileRef = 8E07F4391EEC35A4008572D4 /* GymAlamoStore.swift */; };
		8E07F43C1EEC3865008572D4 /* Gym.swift in Sources */ = {isa = PBXBuildFile; fileRef = 8E07F43B1EEC3865008572D4 /* Gym.swift */; };
		8E07F43E1EEC3AB5008572D4 /* Location.swift in Sources */ = {isa = PBXBuildFile; fileRef = 8E07F43D1EEC3AB5008572D4 /* Location.swift */; };
		8E07F4401EEC3D07008572D4 /* GymRequestParameters.swift in Sources */ = {isa = PBXBuildFile; fileRef = 8E07F43F1EEC3D07008572D4 /* GymRequestParameters.swift */; };
		8E07F4421EEC3DD7008572D4 /* LocationRequest.swift in Sources */ = {isa = PBXBuildFile; fileRef = 8E07F4411EEC3DD7008572D4 /* LocationRequest.swift */; };
		8E19DFEC1EE9DF470085084D /* AppDelegate.swift in Sources */ = {isa = PBXBuildFile; fileRef = 8E19DFEB1EE9DF470085084D /* AppDelegate.swift */; };
		8E19DFEE1EE9DF470085084D /* ViewController.swift in Sources */ = {isa = PBXBuildFile; fileRef = 8E19DFED1EE9DF470085084D /* ViewController.swift */; };
		8E19DFF11EE9DF470085084D /* Main.storyboard in Resources */ = {isa = PBXBuildFile; fileRef = 8E19DFEF1EE9DF470085084D /* Main.storyboard */; };
		8E19DFF31EE9DF470085084D /* Assets.xcassets in Resources */ = {isa = PBXBuildFile; fileRef = 8E19DFF21EE9DF470085084D /* Assets.xcassets */; };
		8E19DFF61EE9DF470085084D /* LaunchScreen.storyboard in Resources */ = {isa = PBXBuildFile; fileRef = 8E19DFF41EE9DF470085084D /* LaunchScreen.storyboard */; };
		8E19E01A1EEA03A90085084D /* MapKit.framework in Frameworks */ = {isa = PBXBuildFile; fileRef = 8E19E0191EEA03A90085084D /* MapKit.framework */; };
		8E530C6C1EF15CA300092D04 /* TrainerAlamoStore.swift in Sources */ = {isa = PBXBuildFile; fileRef = 8E530C6B1EF15CA300092D04 /* TrainerAlamoStore.swift */; };
		8E530C701EF17FF600092D04 /* Trainer.swift in Sources */ = {isa = PBXBuildFile; fileRef = 8E530C6F1EF17FF600092D04 /* Trainer.swift */; };
		8EAEEF781EEB3CD600D51F7A /* FitbookAlamoServiceTest.swift in Sources */ = {isa = PBXBuildFile; fileRef = 8EAEEF771EEB3CD600D51F7A /* FitbookAlamoServiceTest.swift */; };
		8EE604CB1EEAAF820022CD82 /* SearchViewController.swift in Sources */ = {isa = PBXBuildFile; fileRef = 8EE604CA1EEAAF820022CD82 /* SearchViewController.swift */; };
		8EE604D11EEAB1AA0022CD82 /* MapViewController.swift in Sources */ = {isa = PBXBuildFile; fileRef = 8EE604D01EEAB1AA0022CD82 /* MapViewController.swift */; };
		8EE604D41EEABC8E0022CD82 /* TrainerViewController.swift in Sources */ = {isa = PBXBuildFile; fileRef = 8EE604D31EEABC8E0022CD82 /* TrainerViewController.swift */; };
		8EE604D71EEAC98D0022CD82 /* FacebookLoginStore.swift in Sources */ = {isa = PBXBuildFile; fileRef = 8EE604D61EEAC98D0022CD82 /* FacebookLoginStore.swift */; };
		8EE604D91EEAD1060022CD82 /* FacebookLoginResultDelegate.swift in Sources */ = {isa = PBXBuildFile; fileRef = 8EE604D81EEAD1060022CD82 /* FacebookLoginResultDelegate.swift */; };
		8EE604DB1EEAD5560022CD82 /* FitbookLoginStore.swift in Sources */ = {isa = PBXBuildFile; fileRef = 8EE604DA1EEAD5560022CD82 /* FitbookLoginStore.swift */; };
		8EE604DD1EEAD6A90022CD82 /* UserHelper.swift in Sources */ = {isa = PBXBuildFile; fileRef = 8EE604DC1EEAD6A90022CD82 /* UserHelper.swift */; };
		8EE604DF1EEAD74C0022CD82 /* User.swift in Sources */ = {isa = PBXBuildFile; fileRef = 8EE604DE1EEAD74C0022CD82 /* User.swift */; };
		8EE604E21EEADB380022CD82 /* ImagePair.swift in Sources */ = {isa = PBXBuildFile; fileRef = 8EE604E11EEADB380022CD82 /* ImagePair.swift */; };
		8EE604EA1EEAF3DF0022CD82 /* AlertViewHelper.swift in Sources */ = {isa = PBXBuildFile; fileRef = 8EE604E91EEAF3DF0022CD82 /* AlertViewHelper.swift */; };
		8EE604EC1EEB00D20022CD82 /* FitbookLoginResult.swift in Sources */ = {isa = PBXBuildFile; fileRef = 8EE604EB1EEB00D20022CD82 /* FitbookLoginResult.swift */; };
		8EE604EF1EEB033C0022CD82 /* UserDefaultsStore.swift in Sources */ = {isa = PBXBuildFile; fileRef = 8EE604EE1EEB033C0022CD82 /* UserDefaultsStore.swift */; };
		8EE604F11EEB0BD70022CD82 /* FitbookLoginResultWrapper.swift in Sources */ = {isa = PBXBuildFile; fileRef = 8EE604F01EEB0BD70022CD82 /* FitbookLoginResultWrapper.swift */; };
		8EE604F31EEB11CD0022CD82 /* FitbookLoginDelegate.swift in Sources */ = {isa = PBXBuildFile; fileRef = 8EE604F21EEB11CD0022CD82 /* FitbookLoginDelegate.swift */; };
		8EE604F51EEB1C0C0022CD82 /* AlamoStore.swift in Sources */ = {isa = PBXBuildFile; fileRef = 8EE604F41EEB1C0C0022CD82 /* AlamoStore.swift */; };
		8EE604F71EEB1CCC0022CD82 /* FitbookAlamoStore.swift in Sources */ = {isa = PBXBuildFile; fileRef = 8EE604F61EEB1CCC0022CD82 /* FitbookAlamoStore.swift */; };
		8EE604FB1EEB23C30022CD82 /* FacebookToken.swift in Sources */ = {isa = PBXBuildFile; fileRef = 8EE604FA1EEB23C30022CD82 /* FacebookToken.swift */; };
		9E804957B28CCCB389BEBE19 /* Pods_fitbook_ios.framework in Frameworks */ = {isa = PBXBuildFile; fileRef = 831D8269665DEC42207F6359 /* Pods_fitbook_ios.framework */; };
/* End PBXBuildFile section */

/* Begin PBXContainerItemProxy section */
		8E19DFFD1EE9DF470085084D /* PBXContainerItemProxy */ = {
			isa = PBXContainerItemProxy;
			containerPortal = 8E19DFE01EE9DF470085084D /* Project object */;
			proxyType = 1;
			remoteGlobalIDString = 8E19DFE71EE9DF470085084D;
			remoteInfo = "fitbook-ios";
		};
/* End PBXContainerItemProxy section */

/* Begin PBXFileReference section */
		12ECFB8918C2E12AD126E401 /* Pods-fitbook-iosUITests.release.xcconfig */ = {isa = PBXFileReference; includeInIndex = 1; lastKnownFileType = text.xcconfig; name = "Pods-fitbook-iosUITests.release.xcconfig"; path = "Pods/Target Support Files/Pods-fitbook-iosUITests/Pods-fitbook-iosUITests.release.xcconfig"; sourceTree = "<group>"; };
		14AE08F25F3821728C969799 /* Pods-fitbook-ios.release.xcconfig */ = {isa = PBXFileReference; includeInIndex = 1; lastKnownFileType = text.xcconfig; name = "Pods-fitbook-ios.release.xcconfig"; path = "Pods/Target Support Files/Pods-fitbook-ios/Pods-fitbook-ios.release.xcconfig"; sourceTree = "<group>"; };
		208BF2404A6ED0C2C2044227 /* Pods-fitbook-ios.debug.xcconfig */ = {isa = PBXFileReference; includeInIndex = 1; lastKnownFileType = text.xcconfig; name = "Pods-fitbook-ios.debug.xcconfig"; path = "Pods/Target Support Files/Pods-fitbook-ios/Pods-fitbook-ios.debug.xcconfig"; sourceTree = "<group>"; };
		25BD4A7D440E64CF845AF9C1 /* Pods-fitbook-iosTests.debug.xcconfig */ = {isa = PBXFileReference; includeInIndex = 1; lastKnownFileType = text.xcconfig; name = "Pods-fitbook-iosTests.debug.xcconfig"; path = "Pods/Target Support Files/Pods-fitbook-iosTests/Pods-fitbook-iosTests.debug.xcconfig"; sourceTree = "<group>"; };
		5BD9B8235962A57DE5F3B523 /* Pods_fitbook_iosTests.framework */ = {isa = PBXFileReference; explicitFileType = wrapper.framework; includeInIndex = 0; path = Pods_fitbook_iosTests.framework; sourceTree = BUILT_PRODUCTS_DIR; };
		831D8269665DEC42207F6359 /* Pods_fitbook_ios.framework */ = {isa = PBXFileReference; explicitFileType = wrapper.framework; includeInIndex = 0; path = Pods_fitbook_ios.framework; sourceTree = BUILT_PRODUCTS_DIR; };
		8E03B3301EECA0BE00933500 /* ImageUIHelper.swift */ = {isa = PBXFileReference; fileEncoding = 4; lastKnownFileType = sourcecode.swift; path = ImageUIHelper.swift; sourceTree = "<group>"; };
		8E03B3321EECA3E400933500 /* FitbookStringHelper.swift */ = {isa = PBXFileReference; fileEncoding = 4; lastKnownFileType = sourcecode.swift; path = FitbookStringHelper.swift; sourceTree = "<group>"; };
		8E03B3351EECB7F700933500 /* MyGymsViewController.swift */ = {isa = PBXFileReference; fileEncoding = 4; lastKnownFileType = sourcecode.swift; path = MyGymsViewController.swift; sourceTree = "<group>"; };
		8E03B3371EECBD5F00933500 /* GymJoinResult.swift */ = {isa = PBXFileReference; fileEncoding = 4; lastKnownFileType = sourcecode.swift; path = GymJoinResult.swift; sourceTree = "<group>"; };
		8E07F4341EEBF55C008572D4 /* MoreViewController.swift */ = {isa = PBXFileReference; fileEncoding = 4; lastKnownFileType = sourcecode.swift; path = MoreViewController.swift; sourceTree = "<group>"; };
		8E07F4361EEC1D8E008572D4 /* MapKitHelper.swift */ = {isa = PBXFileReference; fileEncoding = 4; lastKnownFileType = sourcecode.swift; path = MapKitHelper.swift; sourceTree = "<group>"; };
		8E07F4391EEC35A4008572D4 /* GymAlamoStore.swift */ = {isa = PBXFileReference; fileEncoding = 4; lastKnownFileType = sourcecode.swift; path = GymAlamoStore.swift; sourceTree = "<group>"; };
		8E07F43B1EEC3865008572D4 /* Gym.swift */ = {isa = PBXFileReference; fileEncoding = 4; lastKnownFileType = sourcecode.swift; path = Gym.swift; sourceTree = "<group>"; };
		8E07F43D1EEC3AB5008572D4 /* Location.swift */ = {isa = PBXFileReference; fileEncoding = 4; lastKnownFileType = sourcecode.swift; path = Location.swift; sourceTree = "<group>"; };
		8E07F43F1EEC3D07008572D4 /* GymRequestParameters.swift */ = {isa = PBXFileReference; fileEncoding = 4; lastKnownFileType = sourcecode.swift; path = GymRequestParameters.swift; sourceTree = "<group>"; };
		8E07F4411EEC3DD7008572D4 /* LocationRequest.swift */ = {isa = PBXFileReference; fileEncoding = 4; lastKnownFileType = sourcecode.swift; path = LocationRequest.swift; sourceTree = "<group>"; };
		8E19DFE81EE9DF470085084D /* FitBook.app */ = {isa = PBXFileReference; explicitFileType = wrapper.application; includeInIndex = 0; path = FitBook.app; sourceTree = BUILT_PRODUCTS_DIR; };
		8E19DFEB1EE9DF470085084D /* AppDelegate.swift */ = {isa = PBXFileReference; lastKnownFileType = sourcecode.swift; path = AppDelegate.swift; sourceTree = "<group>"; };
		8E19DFED1EE9DF470085084D /* ViewController.swift */ = {isa = PBXFileReference; lastKnownFileType = sourcecode.swift; path = ViewController.swift; sourceTree = "<group>"; };
		8E19DFF01EE9DF470085084D /* Base */ = {isa = PBXFileReference; lastKnownFileType = file.storyboard; name = Base; path = Base.lproj/Main.storyboard; sourceTree = "<group>"; };
		8E19DFF21EE9DF470085084D /* Assets.xcassets */ = {isa = PBXFileReference; lastKnownFileType = folder.assetcatalog; path = Assets.xcassets; sourceTree = "<group>"; };
		8E19DFF51EE9DF470085084D /* Base */ = {isa = PBXFileReference; lastKnownFileType = file.storyboard; name = Base; path = Base.lproj/LaunchScreen.storyboard; sourceTree = "<group>"; };
		8E19DFF71EE9DF470085084D /* Info.plist */ = {isa = PBXFileReference; lastKnownFileType = text.plist.xml; path = Info.plist; sourceTree = "<group>"; };
		8E19DFFC1EE9DF470085084D /* fitbook-iosTests.xctest */ = {isa = PBXFileReference; explicitFileType = wrapper.cfbundle; includeInIndex = 0; path = "fitbook-iosTests.xctest"; sourceTree = BUILT_PRODUCTS_DIR; };
		8E19E0021EE9DF470085084D /* Info.plist */ = {isa = PBXFileReference; lastKnownFileType = text.plist.xml; path = Info.plist; sourceTree = "<group>"; };
		8E19E0191EEA03A90085084D /* MapKit.framework */ = {isa = PBXFileReference; lastKnownFileType = wrapper.framework; name = MapKit.framework; path = System/Library/Frameworks/MapKit.framework; sourceTree = SDKROOT; };
		8E530C6B1EF15CA300092D04 /* TrainerAlamoStore.swift */ = {isa = PBXFileReference; fileEncoding = 4; lastKnownFileType = sourcecode.swift; path = TrainerAlamoStore.swift; sourceTree = "<group>"; };
		8E530C6F1EF17FF600092D04 /* Trainer.swift */ = {isa = PBXFileReference; fileEncoding = 4; lastKnownFileType = sourcecode.swift; path = Trainer.swift; sourceTree = "<group>"; };
		8EAEEF771EEB3CD600D51F7A /* FitbookAlamoServiceTest.swift */ = {isa = PBXFileReference; fileEncoding = 4; lastKnownFileType = sourcecode.swift; path = FitbookAlamoServiceTest.swift; sourceTree = "<group>"; };
		8EC9983320C1720000B48255 /* README.md */ = {isa = PBXFileReference; lastKnownFileType = net.daringfireball.markdown; path = README.md; sourceTree = "<group>"; };
		8EC9983920C17F6900B48255 /* .swiftlint.yml */ = {isa = PBXFileReference; fileEncoding = 4; lastKnownFileType = text; path = .swiftlint.yml; sourceTree = "<group>"; };
		8EC9983A20C17F6900B48255 /* .gitignore */ = {isa = PBXFileReference; lastKnownFileType = file.bplist; path = .gitignore; sourceTree = "<group>"; };
		8EE604CA1EEAAF820022CD82 /* SearchViewController.swift */ = {isa = PBXFileReference; fileEncoding = 4; lastKnownFileType = sourcecode.swift; path = SearchViewController.swift; sourceTree = "<group>"; };
		8EE604D01EEAB1AA0022CD82 /* MapViewController.swift */ = {isa = PBXFileReference; fileEncoding = 4; lastKnownFileType = sourcecode.swift; path = MapViewController.swift; sourceTree = "<group>"; };
		8EE604D31EEABC8E0022CD82 /* TrainerViewController.swift */ = {isa = PBXFileReference; fileEncoding = 4; lastKnownFileType = sourcecode.swift; path = TrainerViewController.swift; sourceTree = "<group>"; };
		8EE604D61EEAC98D0022CD82 /* FacebookLoginStore.swift */ = {isa = PBXFileReference; fileEncoding = 4; lastKnownFileType = sourcecode.swift; path = FacebookLoginStore.swift; sourceTree = "<group>"; };
		8EE604D81EEAD1060022CD82 /* FacebookLoginResultDelegate.swift */ = {isa = PBXFileReference; fileEncoding = 4; lastKnownFileType = sourcecode.swift; path = FacebookLoginResultDelegate.swift; sourceTree = "<group>"; };
		8EE604DA1EEAD5560022CD82 /* FitbookLoginStore.swift */ = {isa = PBXFileReference; fileEncoding = 4; lastKnownFileType = sourcecode.swift; path = FitbookLoginStore.swift; sourceTree = "<group>"; };
		8EE604DC1EEAD6A90022CD82 /* UserHelper.swift */ = {isa = PBXFileReference; fileEncoding = 4; lastKnownFileType = sourcecode.swift; path = UserHelper.swift; sourceTree = "<group>"; };
		8EE604DE1EEAD74C0022CD82 /* User.swift */ = {isa = PBXFileReference; fileEncoding = 4; lastKnownFileType = sourcecode.swift; path = User.swift; sourceTree = "<group>"; };
		8EE604E11EEADB380022CD82 /* ImagePair.swift */ = {isa = PBXFileReference; fileEncoding = 4; lastKnownFileType = sourcecode.swift; path = ImagePair.swift; sourceTree = "<group>"; };
		8EE604E91EEAF3DF0022CD82 /* AlertViewHelper.swift */ = {isa = PBXFileReference; fileEncoding = 4; lastKnownFileType = sourcecode.swift; path = AlertViewHelper.swift; sourceTree = "<group>"; };
		8EE604EB1EEB00D20022CD82 /* FitbookLoginResult.swift */ = {isa = PBXFileReference; fileEncoding = 4; lastKnownFileType = sourcecode.swift; path = FitbookLoginResult.swift; sourceTree = "<group>"; };
		8EE604EE1EEB033C0022CD82 /* UserDefaultsStore.swift */ = {isa = PBXFileReference; fileEncoding = 4; lastKnownFileType = sourcecode.swift; path = UserDefaultsStore.swift; sourceTree = "<group>"; };
		8EE604F01EEB0BD70022CD82 /* FitbookLoginResultWrapper.swift */ = {isa = PBXFileReference; fileEncoding = 4; lastKnownFileType = sourcecode.swift; path = FitbookLoginResultWrapper.swift; sourceTree = "<group>"; };
		8EE604F21EEB11CD0022CD82 /* FitbookLoginDelegate.swift */ = {isa = PBXFileReference; fileEncoding = 4; lastKnownFileType = sourcecode.swift; path = FitbookLoginDelegate.swift; sourceTree = "<group>"; };
		8EE604F41EEB1C0C0022CD82 /* AlamoStore.swift */ = {isa = PBXFileReference; fileEncoding = 4; lastKnownFileType = sourcecode.swift; path = AlamoStore.swift; sourceTree = "<group>"; };
		8EE604F61EEB1CCC0022CD82 /* FitbookAlamoStore.swift */ = {isa = PBXFileReference; fileEncoding = 4; lastKnownFileType = sourcecode.swift; path = FitbookAlamoStore.swift; sourceTree = "<group>"; };
		8EE604FA1EEB23C30022CD82 /* FacebookToken.swift */ = {isa = PBXFileReference; fileEncoding = 4; lastKnownFileType = sourcecode.swift; path = FacebookToken.swift; sourceTree = "<group>"; };
		99D12BFCE5DEE3ED35F178E2 /* Pods-fitbook-iosUITests.debug.xcconfig */ = {isa = PBXFileReference; includeInIndex = 1; lastKnownFileType = text.xcconfig; name = "Pods-fitbook-iosUITests.debug.xcconfig"; path = "Pods/Target Support Files/Pods-fitbook-iosUITests/Pods-fitbook-iosUITests.debug.xcconfig"; sourceTree = "<group>"; };
		B57EF155F274628F3B4350A1 /* Pods_fitbook_iosUITests.framework */ = {isa = PBXFileReference; explicitFileType = wrapper.framework; includeInIndex = 0; path = Pods_fitbook_iosUITests.framework; sourceTree = BUILT_PRODUCTS_DIR; };
		EDDC3CE0B8B549DAA3911ADE /* Pods-fitbook-iosTests.release.xcconfig */ = {isa = PBXFileReference; includeInIndex = 1; lastKnownFileType = text.xcconfig; name = "Pods-fitbook-iosTests.release.xcconfig"; path = "Pods/Target Support Files/Pods-fitbook-iosTests/Pods-fitbook-iosTests.release.xcconfig"; sourceTree = "<group>"; };
/* End PBXFileReference section */

/* Begin PBXFrameworksBuildPhase section */
		8E19DFE51EE9DF470085084D /* Frameworks */ = {
			isa = PBXFrameworksBuildPhase;
			buildActionMask = 2147483647;
			files = (
				8E19E01A1EEA03A90085084D /* MapKit.framework in Frameworks */,
				9E804957B28CCCB389BEBE19 /* Pods_fitbook_ios.framework in Frameworks */,
			);
			runOnlyForDeploymentPostprocessing = 0;
		};
		8E19DFF91EE9DF470085084D /* Frameworks */ = {
			isa = PBXFrameworksBuildPhase;
			buildActionMask = 2147483647;
			files = (
				6377A4092DDD4F54FBDF8304 /* Pods_fitbook_iosTests.framework in Frameworks */,
			);
			runOnlyForDeploymentPostprocessing = 0;
		};
/* End PBXFrameworksBuildPhase section */

/* Begin PBXGroup section */
		1A5197A0E43FF31147AD106C /* Frameworks */ = {
			isa = PBXGroup;
			children = (
				8E19E0191EEA03A90085084D /* MapKit.framework */,
				831D8269665DEC42207F6359 /* Pods_fitbook_ios.framework */,
				5BD9B8235962A57DE5F3B523 /* Pods_fitbook_iosTests.framework */,
				B57EF155F274628F3B4350A1 /* Pods_fitbook_iosUITests.framework */,
			);
			name = Frameworks;
			sourceTree = "<group>";
		};
		5CD709FC668EA4CC8A90C7DD /* Pods */ = {
			isa = PBXGroup;
			children = (
				208BF2404A6ED0C2C2044227 /* Pods-fitbook-ios.debug.xcconfig */,
				14AE08F25F3821728C969799 /* Pods-fitbook-ios.release.xcconfig */,
				25BD4A7D440E64CF845AF9C1 /* Pods-fitbook-iosTests.debug.xcconfig */,
				EDDC3CE0B8B549DAA3911ADE /* Pods-fitbook-iosTests.release.xcconfig */,
				99D12BFCE5DEE3ED35F178E2 /* Pods-fitbook-iosUITests.debug.xcconfig */,
				12ECFB8918C2E12AD126E401 /* Pods-fitbook-iosUITests.release.xcconfig */,
			);
			name = Pods;
			sourceTree = "<group>";
		};
		8E03B32F1EECA0A900933500 /* ui */ = {
			isa = PBXGroup;
			children = (
				8E03B3301EECA0BE00933500 /* ImageUIHelper.swift */,
				8E03B3321EECA3E400933500 /* FitbookStringHelper.swift */,
			);
			name = ui;
			sourceTree = "<group>";
		};
		8E03B3341EECB6AA00933500 /* myGyms */ = {
			isa = PBXGroup;
			children = (
				8E03B3351EECB7F700933500 /* MyGymsViewController.swift */,
			);
			name = myGyms;
			sourceTree = "<group>";
		};
		8E07F4331EEBF542008572D4 /* more */ = {
			isa = PBXGroup;
			children = (
				8E07F4341EEBF55C008572D4 /* MoreViewController.swift */,
			);
			name = more;
			sourceTree = "<group>";
		};
		8E07F4381EEC3591008572D4 /* gym */ = {
			isa = PBXGroup;
			children = (
				8E07F4391EEC35A4008572D4 /* GymAlamoStore.swift */,
				8E07F43B1EEC3865008572D4 /* Gym.swift */,
				8E07F43D1EEC3AB5008572D4 /* Location.swift */,
				8E07F43F1EEC3D07008572D4 /* GymRequestParameters.swift */,
				8E07F4411EEC3DD7008572D4 /* LocationRequest.swift */,
				8E03B3371EECBD5F00933500 /* GymJoinResult.swift */,
			);
			name = gym;
			sourceTree = "<group>";
		};
		8E19DFDF1EE9DF470085084D = {
			isa = PBXGroup;
			children = (
				8EC9983A20C17F6900B48255 /* .gitignore */,
				8EC9983920C17F6900B48255 /* .swiftlint.yml */,
				8EC9983320C1720000B48255 /* README.md */,
				8E19DFEA1EE9DF470085084D /* fitbook-ios */,
				8E19DFFF1EE9DF470085084D /* fitbook-iosTests */,
				8E19DFE91EE9DF470085084D /* Products */,
				5CD709FC668EA4CC8A90C7DD /* Pods */,
				1A5197A0E43FF31147AD106C /* Frameworks */,
			);
			sourceTree = "<group>";
		};
		8E19DFE91EE9DF470085084D /* Products */ = {
			isa = PBXGroup;
			children = (
				8E19DFE81EE9DF470085084D /* FitBook.app */,
				8E19DFFC1EE9DF470085084D /* fitbook-iosTests.xctest */,
			);
			name = Products;
			sourceTree = "<group>";
		};
		8E19DFEA1EE9DF470085084D /* fitbook-ios */ = {
			isa = PBXGroup;
			children = (
				8EE604E01EEADB0F0022CD82 /* common */,
				8EE604BD1EEAAD150022CD82 /* main */,
				8E19DFEB1EE9DF470085084D /* AppDelegate.swift */,
				8E19DFEF1EE9DF470085084D /* Main.storyboard */,
				8E19DFF21EE9DF470085084D /* Assets.xcassets */,
				8E19DFF41EE9DF470085084D /* LaunchScreen.storyboard */,
				8E19DFF71EE9DF470085084D /* Info.plist */,
			);
			path = "fitbook-ios";
			sourceTree = "<group>";
		};
		8E19DFFF1EE9DF470085084D /* fitbook-iosTests */ = {
			isa = PBXGroup;
			children = (
				8EAEEF741EEB3CA800D51F7A /* main */,
				8E19E0021EE9DF470085084D /* Info.plist */,
			);
			path = "fitbook-iosTests";
			sourceTree = "<group>";
		};
		8EAEEF741EEB3CA800D51F7A /* main */ = {
			isa = PBXGroup;
			children = (
				8EAEEF751EEB3CAF00D51F7A /* map */,
			);
			name = main;
			sourceTree = "<group>";
		};
		8EAEEF751EEB3CAF00D51F7A /* map */ = {
			isa = PBXGroup;
			children = (
				8EAEEF761EEB3CB700D51F7A /* common */,
			);
			name = map;
			sourceTree = "<group>";
		};
		8EAEEF761EEB3CB700D51F7A /* common */ = {
			isa = PBXGroup;
			children = (
				8EAEEF771EEB3CD600D51F7A /* FitbookAlamoServiceTest.swift */,
			);
			name = common;
			sourceTree = "<group>";
		};
		8EE604BD1EEAAD150022CD82 /* main */ = {
			isa = PBXGroup;
			children = (
				8E03B3341EECB6AA00933500 /* myGyms */,
				8E07F4331EEBF542008572D4 /* more */,
				8EE604D21EEABC830022CD82 /* trainer */,
				8EE604C31EEAAE3F0022CD82 /* search */,
				8EE604BE1EEAAD560022CD82 /* map */,
				8E19DFED1EE9DF470085084D /* ViewController.swift */,
			);
			name = main;
			sourceTree = "<group>";
		};
		8EE604BE1EEAAD560022CD82 /* map */ = {
			isa = PBXGroup;
			children = (
				8E07F4381EEC3591008572D4 /* gym */,
				8EE604D51EEAC9610022CD82 /* login */,
				8EE604D01EEAB1AA0022CD82 /* MapViewController.swift */,
				8E07F4361EEC1D8E008572D4 /* MapKitHelper.swift */,
			);
			name = map;
			sourceTree = "<group>";
		};
		8EE604C31EEAAE3F0022CD82 /* search */ = {
			isa = PBXGroup;
			children = (
				8EE604CA1EEAAF820022CD82 /* SearchViewController.swift */,
			);
			name = search;
			sourceTree = "<group>";
		};
		8EE604D21EEABC830022CD82 /* trainer */ = {
			isa = PBXGroup;
			children = (
				8EE604D31EEABC8E0022CD82 /* TrainerViewController.swift */,
				8E530C6B1EF15CA300092D04 /* TrainerAlamoStore.swift */,
				8E530C6F1EF17FF600092D04 /* Trainer.swift */,
			);
			name = trainer;
			sourceTree = "<group>";
		};
		8EE604D51EEAC9610022CD82 /* login */ = {
			isa = PBXGroup;
			children = (
				8EE604D61EEAC98D0022CD82 /* FacebookLoginStore.swift */,
				8EE604D81EEAD1060022CD82 /* FacebookLoginResultDelegate.swift */,
				8EE604DA1EEAD5560022CD82 /* FitbookLoginStore.swift */,
				8EE604DC1EEAD6A90022CD82 /* UserHelper.swift */,
				8EE604DE1EEAD74C0022CD82 /* User.swift */,
				8EE604EB1EEB00D20022CD82 /* FitbookLoginResult.swift */,
				8EE604F01EEB0BD70022CD82 /* FitbookLoginResultWrapper.swift */,
				8EE604F21EEB11CD0022CD82 /* FitbookLoginDelegate.swift */,
				8EE604F61EEB1CCC0022CD82 /* FitbookAlamoStore.swift */,
				8EE604FA1EEB23C30022CD82 /* FacebookToken.swift */,
			);
			name = login;
			sourceTree = "<group>";
		};
		8EE604E01EEADB0F0022CD82 /* common */ = {
			isa = PBXGroup;
			children = (
				8E03B32F1EECA0A900933500 /* ui */,
				8EE604ED1EEB02D50022CD82 /* service */,
				8EE604E81EEAF38F0022CD82 /* model */,
				8EE604E71EEAF3370022CD82 /* alert */,
			);
			name = common;
			sourceTree = "<group>";
		};
		8EE604E71EEAF3370022CD82 /* alert */ = {
			isa = PBXGroup;
			children = (
				8EE604E91EEAF3DF0022CD82 /* AlertViewHelper.swift */,
			);
			name = alert;
			sourceTree = "<group>";
		};
		8EE604E81EEAF38F0022CD82 /* model */ = {
			isa = PBXGroup;
			children = (
				8EE604E11EEADB380022CD82 /* ImagePair.swift */,
			);
			name = model;
			sourceTree = "<group>";
		};
		8EE604ED1EEB02D50022CD82 /* service */ = {
			isa = PBXGroup;
			children = (
				8EE604EE1EEB033C0022CD82 /* UserDefaultsStore.swift */,
				8EE604F41EEB1C0C0022CD82 /* AlamoStore.swift */,
			);
			name = service;
			sourceTree = "<group>";
		};
/* End PBXGroup section */

/* Begin PBXNativeTarget section */
		8E19DFE71EE9DF470085084D /* fitbook-ios */ = {
			isa = PBXNativeTarget;
			buildConfigurationList = 8E19E0101EE9DF470085084D /* Build configuration list for PBXNativeTarget "fitbook-ios" */;
			buildPhases = (
				8449EC67BA5F2B90DED15686 /* [CP] Check Pods Manifest.lock */,
				8E19DFE41EE9DF470085084D /* Sources */,
				8E19DFE51EE9DF470085084D /* Frameworks */,
				8EC9983420C17C3200B48255 /* Increase build number */,
				8E19DFE61EE9DF470085084D /* Resources */,
				5F75CA44D26AF7A12C213ABF /* [CP] Embed Pods Frameworks */,
				44CEA7A7B7E9A2D61323C1CB /* [CP] Copy Pods Resources */,
				8E4396B420C6D7AE008F3329 /* Autocorrect */,
				8E2D74DF1EEB7AC800B9BC43 /* Swiftlint */,
			);
			buildRules = (
			);
			dependencies = (
			);
			name = "fitbook-ios";
			productName = "fitbook-ios";
			productReference = 8E19DFE81EE9DF470085084D /* FitBook.app */;
			productType = "com.apple.product-type.application";
		};
		8E19DFFB1EE9DF470085084D /* fitbook-iosTests */ = {
			isa = PBXNativeTarget;
			buildConfigurationList = 8E19E0131EE9DF470085084D /* Build configuration list for PBXNativeTarget "fitbook-iosTests" */;
			buildPhases = (
				DEFCFC04E292BDB23D612982 /* [CP] Check Pods Manifest.lock */,
				8E19DFF81EE9DF470085084D /* Sources */,
				8E19DFF91EE9DF470085084D /* Frameworks */,
				8E19DFFA1EE9DF470085084D /* Resources */,
				D04DDD4CAEB2D76B28D5E9C1 /* [CP] Embed Pods Frameworks */,
				C9850E77C453E94413510EEB /* [CP] Copy Pods Resources */,
			);
			buildRules = (
			);
			dependencies = (
				8E19DFFE1EE9DF470085084D /* PBXTargetDependency */,
			);
			name = "fitbook-iosTests";
			productName = "fitbook-iosTests";
			productReference = 8E19DFFC1EE9DF470085084D /* fitbook-iosTests.xctest */;
			productType = "com.apple.product-type.bundle.unit-test";
		};
/* End PBXNativeTarget section */

/* Begin PBXProject section */
		8E19DFE01EE9DF470085084D /* Project object */ = {
			isa = PBXProject;
			attributes = {
				LastSwiftUpdateCheck = 0830;
				LastUpgradeCheck = 0940;
				ORGANIZATIONNAME = "Eryk Mariankowski";
				TargetAttributes = {
					8E19DFE71EE9DF470085084D = {
						CreatedOnToolsVersion = 8.3.2;
						DevelopmentTeam = 28J8R24SUR;
						ProvisioningStyle = Automatic;
					};
					8E19DFFB1EE9DF470085084D = {
						CreatedOnToolsVersion = 8.3.2;
						DevelopmentTeam = 28J8R24SUR;
						ProvisioningStyle = Automatic;
						TestTargetID = 8E19DFE71EE9DF470085084D;
					};
				};
			};
			buildConfigurationList = 8E19DFE31EE9DF470085084D /* Build configuration list for PBXProject "fitbook-ios" */;
			compatibilityVersion = "Xcode 3.2";
			developmentRegion = English;
			hasScannedForEncodings = 0;
			knownRegions = (
				en,
				Base,
			);
			mainGroup = 8E19DFDF1EE9DF470085084D;
			productRefGroup = 8E19DFE91EE9DF470085084D /* Products */;
			projectDirPath = "";
			projectRoot = "";
			targets = (
				8E19DFE71EE9DF470085084D /* fitbook-ios */,
				8E19DFFB1EE9DF470085084D /* fitbook-iosTests */,
			);
		};
/* End PBXProject section */

/* Begin PBXResourcesBuildPhase section */
		8E19DFE61EE9DF470085084D /* Resources */ = {
			isa = PBXResourcesBuildPhase;
			buildActionMask = 2147483647;
			files = (
				8E19DFF61EE9DF470085084D /* LaunchScreen.storyboard in Resources */,
				8E19DFF31EE9DF470085084D /* Assets.xcassets in Resources */,
				8E19DFF11EE9DF470085084D /* Main.storyboard in Resources */,
			);
			runOnlyForDeploymentPostprocessing = 0;
		};
		8E19DFFA1EE9DF470085084D /* Resources */ = {
			isa = PBXResourcesBuildPhase;
			buildActionMask = 2147483647;
			files = (
			);
			runOnlyForDeploymentPostprocessing = 0;
		};
/* End PBXResourcesBuildPhase section */

/* Begin PBXShellScriptBuildPhase section */
		44CEA7A7B7E9A2D61323C1CB /* [CP] Copy Pods Resources */ = {
			isa = PBXShellScriptBuildPhase;
			buildActionMask = 2147483647;
			files = (
			);
			inputPaths = (
			);
			name = "[CP] Copy Pods Resources";
			outputPaths = (
			);
			runOnlyForDeploymentPostprocessing = 0;
			shellPath = /bin/sh;
			shellScript = "\"${SRCROOT}/Pods/Target Support Files/Pods-fitbook-ios/Pods-fitbook-ios-resources.sh\"\n";
			showEnvVarsInLog = 0;
		};
		5F75CA44D26AF7A12C213ABF /* [CP] Embed Pods Frameworks */ = {
			isa = PBXShellScriptBuildPhase;
			buildActionMask = 2147483647;
			files = (
			);
			inputPaths = (
				"${SRCROOT}/Pods/Target Support Files/Pods-fitbook-ios/Pods-fitbook-ios-frameworks.sh",
				"${BUILT_PRODUCTS_DIR}/Alamofire/Alamofire.framework",
				"${BUILT_PRODUCTS_DIR}/AlamofireObjectMapper/AlamofireObjectMapper.framework",
				"${BUILT_PRODUCTS_DIR}/Bolts/Bolts.framework",
				"${BUILT_PRODUCTS_DIR}/FBSDKCoreKit/FBSDKCoreKit.framework",
				"${BUILT_PRODUCTS_DIR}/FBSDKLoginKit/FBSDKLoginKit.framework",
				"${BUILT_PRODUCTS_DIR}/FBSDKShareKit/FBSDKShareKit.framework",
				"${BUILT_PRODUCTS_DIR}/FacebookCore/FacebookCore.framework",
				"${BUILT_PRODUCTS_DIR}/FacebookLogin/FacebookLogin.framework",
				"${BUILT_PRODUCTS_DIR}/FacebookShare/FacebookShare.framework",
				"${BUILT_PRODUCTS_DIR}/Kingfisher/Kingfisher.framework",
				"${BUILT_PRODUCTS_DIR}/ObjectMapper/ObjectMapper.framework",
				"${BUILT_PRODUCTS_DIR}/SwiftyJSON/SwiftyJSON.framework",
			);
			name = "[CP] Embed Pods Frameworks";
			outputPaths = (
				"${TARGET_BUILD_DIR}/${FRAMEWORKS_FOLDER_PATH}/Alamofire.framework",
				"${TARGET_BUILD_DIR}/${FRAMEWORKS_FOLDER_PATH}/AlamofireObjectMapper.framework",
				"${TARGET_BUILD_DIR}/${FRAMEWORKS_FOLDER_PATH}/Bolts.framework",
				"${TARGET_BUILD_DIR}/${FRAMEWORKS_FOLDER_PATH}/FBSDKCoreKit.framework",
				"${TARGET_BUILD_DIR}/${FRAMEWORKS_FOLDER_PATH}/FBSDKLoginKit.framework",
				"${TARGET_BUILD_DIR}/${FRAMEWORKS_FOLDER_PATH}/FBSDKShareKit.framework",
				"${TARGET_BUILD_DIR}/${FRAMEWORKS_FOLDER_PATH}/FacebookCore.framework",
				"${TARGET_BUILD_DIR}/${FRAMEWORKS_FOLDER_PATH}/FacebookLogin.framework",
				"${TARGET_BUILD_DIR}/${FRAMEWORKS_FOLDER_PATH}/FacebookShare.framework",
				"${TARGET_BUILD_DIR}/${FRAMEWORKS_FOLDER_PATH}/Kingfisher.framework",
				"${TARGET_BUILD_DIR}/${FRAMEWORKS_FOLDER_PATH}/ObjectMapper.framework",
				"${TARGET_BUILD_DIR}/${FRAMEWORKS_FOLDER_PATH}/SwiftyJSON.framework",
			);
			runOnlyForDeploymentPostprocessing = 0;
			shellPath = /bin/sh;
			shellScript = "\"${SRCROOT}/Pods/Target Support Files/Pods-fitbook-ios/Pods-fitbook-ios-frameworks.sh\"\n";
			showEnvVarsInLog = 0;
		};
		8449EC67BA5F2B90DED15686 /* [CP] Check Pods Manifest.lock */ = {
			isa = PBXShellScriptBuildPhase;
			buildActionMask = 2147483647;
			files = (
			);
			inputPaths = (
				"${PODS_PODFILE_DIR_PATH}/Podfile.lock",
				"${PODS_ROOT}/Manifest.lock",
			);
			name = "[CP] Check Pods Manifest.lock";
			outputPaths = (
				"$(DERIVED_FILE_DIR)/Pods-fitbook-ios-checkManifestLockResult.txt",
			);
			runOnlyForDeploymentPostprocessing = 0;
			shellPath = /bin/sh;
			shellScript = "diff \"${PODS_PODFILE_DIR_PATH}/Podfile.lock\" \"${PODS_ROOT}/Manifest.lock\" > /dev/null\nif [ $? != 0 ] ; then\n    # print error to STDERR\n    echo \"error: The sandbox is not in sync with the Podfile.lock. Run 'pod install' or update your CocoaPods installation.\" >&2\n    exit 1\nfi\n# This output is used by Xcode 'outputs' to avoid re-running this script phase.\necho \"SUCCESS\" > \"${SCRIPT_OUTPUT_FILE_0}\"\n";
			showEnvVarsInLog = 0;
		};
		8E2D74DF1EEB7AC800B9BC43 /* Swiftlint */ = {
			isa = PBXShellScriptBuildPhase;
			buildActionMask = 12;
			files = (
			);
			inputPaths = (
			);
			name = Swiftlint;
			outputPaths = (
			);
			runOnlyForDeploymentPostprocessing = 0;
			shellPath = /bin/sh;
			shellScript = "if [ \"${CONFIGURATION}\" = \"Release\" ]; then\n    cd fitbook-ios && \"${PODS_ROOT}/SwiftLint/swiftlint\"\nfi";
		};
		8E4396B420C6D7AE008F3329 /* Autocorrect */ = {
			isa = PBXShellScriptBuildPhase;
			buildActionMask = 2147483647;
			files = (
			);
			inputPaths = (
			);
			name = Autocorrect;
			outputPaths = (
			);
			runOnlyForDeploymentPostprocessing = 0;
			shellPath = /bin/sh;
			shellScript = "cd fitbook-ios && \"${PODS_ROOT}/SwiftLint/swiftlint\" autocorrect";
		};
		8EC9983420C17C3200B48255 /* Increase build number */ = {
			isa = PBXShellScriptBuildPhase;
			buildActionMask = 2147483647;
			files = (
			);
			inputPaths = (
			);
			name = "Increase build number";
			outputPaths = (
			);
			runOnlyForDeploymentPostprocessing = 0;
			shellPath = /bin/sh;
			shellScript = "buildNumber=$(/usr/libexec/PlistBuddy -c \"Print CFBundleVersion\" \"${PROJECT_DIR}/${INFOPLIST_FILE}\")\nbuildNumber=$(($buildNumber + 1))\n/usr/libexec/PlistBuddy -c \"Set :CFBundleVersion $buildNumber\" \"${PROJECT_DIR}/${INFOPLIST_FILE}\"";
		};
		C9850E77C453E94413510EEB /* [CP] Copy Pods Resources */ = {
			isa = PBXShellScriptBuildPhase;
			buildActionMask = 2147483647;
			files = (
			);
			inputPaths = (
			);
			name = "[CP] Copy Pods Resources";
			outputPaths = (
			);
			runOnlyForDeploymentPostprocessing = 0;
			shellPath = /bin/sh;
			shellScript = "\"${SRCROOT}/Pods/Target Support Files/Pods-fitbook-iosTests/Pods-fitbook-iosTests-resources.sh\"\n";
			showEnvVarsInLog = 0;
		};
		D04DDD4CAEB2D76B28D5E9C1 /* [CP] Embed Pods Frameworks */ = {
			isa = PBXShellScriptBuildPhase;
			buildActionMask = 2147483647;
			files = (
			);
			inputPaths = (
			);
			name = "[CP] Embed Pods Frameworks";
			outputPaths = (
			);
			runOnlyForDeploymentPostprocessing = 0;
			shellPath = /bin/sh;
			shellScript = "\"${SRCROOT}/Pods/Target Support Files/Pods-fitbook-iosTests/Pods-fitbook-iosTests-frameworks.sh\"\n";
			showEnvVarsInLog = 0;
		};
		DEFCFC04E292BDB23D612982 /* [CP] Check Pods Manifest.lock */ = {
			isa = PBXShellScriptBuildPhase;
			buildActionMask = 2147483647;
			files = (
			);
			inputPaths = (
				"${PODS_PODFILE_DIR_PATH}/Podfile.lock",
				"${PODS_ROOT}/Manifest.lock",
			);
			name = "[CP] Check Pods Manifest.lock";
			outputPaths = (
				"$(DERIVED_FILE_DIR)/Pods-fitbook-iosTests-checkManifestLockResult.txt",
			);
			runOnlyForDeploymentPostprocessing = 0;
			shellPath = /bin/sh;
			shellScript = "diff \"${PODS_PODFILE_DIR_PATH}/Podfile.lock\" \"${PODS_ROOT}/Manifest.lock\" > /dev/null\nif [ $? != 0 ] ; then\n    # print error to STDERR\n    echo \"error: The sandbox is not in sync with the Podfile.lock. Run 'pod install' or update your CocoaPods installation.\" >&2\n    exit 1\nfi\n# This output is used by Xcode 'outputs' to avoid re-running this script phase.\necho \"SUCCESS\" > \"${SCRIPT_OUTPUT_FILE_0}\"\n";
			showEnvVarsInLog = 0;
		};
/* End PBXShellScriptBuildPhase section */

/* Begin PBXSourcesBuildPhase section */
		8E19DFE41EE9DF470085084D /* Sources */ = {
			isa = PBXSourcesBuildPhase;
			buildActionMask = 2147483647;
			files = (
				8EE604DD1EEAD6A90022CD82 /* UserHelper.swift in Sources */,
				8EE604F11EEB0BD70022CD82 /* FitbookLoginResultWrapper.swift in Sources */,
				8E19DFEE1EE9DF470085084D /* ViewController.swift in Sources */,
				8EE604D91EEAD1060022CD82 /* FacebookLoginResultDelegate.swift in Sources */,
				8EE604EC1EEB00D20022CD82 /* FitbookLoginResult.swift in Sources */,
				8E07F4351EEBF55C008572D4 /* MoreViewController.swift in Sources */,
				8EE604CB1EEAAF820022CD82 /* SearchViewController.swift in Sources */,
				8E07F4401EEC3D07008572D4 /* GymRequestParameters.swift in Sources */,
				8EE604FB1EEB23C30022CD82 /* FacebookToken.swift in Sources */,
				8EE604D41EEABC8E0022CD82 /* TrainerViewController.swift in Sources */,
				8E03B3361EECB7F700933500 /* MyGymsViewController.swift in Sources */,
				8EE604F71EEB1CCC0022CD82 /* FitbookAlamoStore.swift in Sources */,
				8E07F43E1EEC3AB5008572D4 /* Location.swift in Sources */,
				8E07F4371EEC1D8E008572D4 /* MapKitHelper.swift in Sources */,
				8E03B3331EECA3E400933500 /* FitbookStringHelper.swift in Sources */,
				8EE604F51EEB1C0C0022CD82 /* AlamoStore.swift in Sources */,
				8E03B3311EECA0BE00933500 /* ImageUIHelper.swift in Sources */,
				8EE604D11EEAB1AA0022CD82 /* MapViewController.swift in Sources */,
				8E19DFEC1EE9DF470085084D /* AppDelegate.swift in Sources */,
				8EE604D71EEAC98D0022CD82 /* FacebookLoginStore.swift in Sources */,
				8EE604E21EEADB380022CD82 /* ImagePair.swift in Sources */,
				8EE604F31EEB11CD0022CD82 /* FitbookLoginDelegate.swift in Sources */,
				8E07F43A1EEC35A4008572D4 /* GymAlamoStore.swift in Sources */,
				8EE604DB1EEAD5560022CD82 /* FitbookLoginStore.swift in Sources */,
				8E07F43C1EEC3865008572D4 /* Gym.swift in Sources */,
				8E03B3381EECBD5F00933500 /* GymJoinResult.swift in Sources */,
				8EE604EF1EEB033C0022CD82 /* UserDefaultsStore.swift in Sources */,
				8EE604EA1EEAF3DF0022CD82 /* AlertViewHelper.swift in Sources */,
				8E530C6C1EF15CA300092D04 /* TrainerAlamoStore.swift in Sources */,
				8E530C701EF17FF600092D04 /* Trainer.swift in Sources */,
				8E07F4421EEC3DD7008572D4 /* LocationRequest.swift in Sources */,
				8EE604DF1EEAD74C0022CD82 /* User.swift in Sources */,
			);
			runOnlyForDeploymentPostprocessing = 0;
		};
		8E19DFF81EE9DF470085084D /* Sources */ = {
			isa = PBXSourcesBuildPhase;
			buildActionMask = 2147483647;
			files = (
				8EAEEF781EEB3CD600D51F7A /* FitbookAlamoServiceTest.swift in Sources */,
			);
			runOnlyForDeploymentPostprocessing = 0;
		};
/* End PBXSourcesBuildPhase section */

/* Begin PBXTargetDependency section */
		8E19DFFE1EE9DF470085084D /* PBXTargetDependency */ = {
			isa = PBXTargetDependency;
			target = 8E19DFE71EE9DF470085084D /* fitbook-ios */;
			targetProxy = 8E19DFFD1EE9DF470085084D /* PBXContainerItemProxy */;
		};
/* End PBXTargetDependency section */

/* Begin PBXVariantGroup section */
		8E19DFEF1EE9DF470085084D /* Main.storyboard */ = {
			isa = PBXVariantGroup;
			children = (
				8E19DFF01EE9DF470085084D /* Base */,
			);
			name = Main.storyboard;
			sourceTree = "<group>";
		};
		8E19DFF41EE9DF470085084D /* LaunchScreen.storyboard */ = {
			isa = PBXVariantGroup;
			children = (
				8E19DFF51EE9DF470085084D /* Base */,
			);
			name = LaunchScreen.storyboard;
			sourceTree = "<group>";
		};
/* End PBXVariantGroup section */

/* Begin XCBuildConfiguration section */
		8E19E00E1EE9DF470085084D /* Debug */ = {
			isa = XCBuildConfiguration;
			buildSettings = {
				ALWAYS_SEARCH_USER_PATHS = NO;
				CLANG_ANALYZER_NONNULL = YES;
				CLANG_ANALYZER_NUMBER_OBJECT_CONVERSION = YES_AGGRESSIVE;
				CLANG_CXX_LANGUAGE_STANDARD = "gnu++0x";
				CLANG_CXX_LIBRARY = "libc++";
				CLANG_ENABLE_MODULES = YES;
				CLANG_ENABLE_OBJC_ARC = YES;
				CLANG_WARN_BLOCK_CAPTURE_AUTORELEASING = YES;
				CLANG_WARN_BOOL_CONVERSION = YES;
				CLANG_WARN_COMMA = YES;
				CLANG_WARN_CONSTANT_CONVERSION = YES;
				CLANG_WARN_DEPRECATED_OBJC_IMPLEMENTATIONS = YES;
				CLANG_WARN_DIRECT_OBJC_ISA_USAGE = YES_ERROR;
				CLANG_WARN_DOCUMENTATION_COMMENTS = YES;
				CLANG_WARN_EMPTY_BODY = YES;
				CLANG_WARN_ENUM_CONVERSION = YES;
				CLANG_WARN_INFINITE_RECURSION = YES;
				CLANG_WARN_INT_CONVERSION = YES;
				CLANG_WARN_NON_LITERAL_NULL_CONVERSION = YES;
				CLANG_WARN_OBJC_IMPLICIT_RETAIN_SELF = YES;
				CLANG_WARN_OBJC_LITERAL_CONVERSION = YES;
				CLANG_WARN_OBJC_ROOT_CLASS = YES_ERROR;
				CLANG_WARN_RANGE_LOOP_ANALYSIS = YES;
				CLANG_WARN_STRICT_PROTOTYPES = YES;
				CLANG_WARN_SUSPICIOUS_MOVE = YES;
				CLANG_WARN_UNREACHABLE_CODE = YES;
				CLANG_WARN__DUPLICATE_METHOD_MATCH = YES;
				"CODE_SIGN_IDENTITY[sdk=iphoneos*]" = "iPhone Developer";
				COPY_PHASE_STRIP = NO;
				DEBUG_INFORMATION_FORMAT = dwarf;
				ENABLE_STRICT_OBJC_MSGSEND = YES;
				ENABLE_TESTABILITY = YES;
				GCC_C_LANGUAGE_STANDARD = gnu99;
				GCC_DYNAMIC_NO_PIC = NO;
				GCC_NO_COMMON_BLOCKS = YES;
				GCC_OPTIMIZATION_LEVEL = 0;
				GCC_PREPROCESSOR_DEFINITIONS = (
					"DEBUG=1",
					"$(inherited)",
				);
				GCC_WARN_64_TO_32_BIT_CONVERSION = YES;
				GCC_WARN_ABOUT_RETURN_TYPE = YES_ERROR;
				GCC_WARN_UNDECLARED_SELECTOR = YES;
				GCC_WARN_UNINITIALIZED_AUTOS = YES_AGGRESSIVE;
				GCC_WARN_UNUSED_FUNCTION = YES;
				GCC_WARN_UNUSED_VARIABLE = YES;
				IPHONEOS_DEPLOYMENT_TARGET = 10.3;
				MTL_ENABLE_DEBUG_INFO = YES;
				ONLY_ACTIVE_ARCH = YES;
				SDKROOT = iphoneos;
				SWIFT_ACTIVE_COMPILATION_CONDITIONS = DEBUG;
				SWIFT_OPTIMIZATION_LEVEL = "-Onone";
				TARGETED_DEVICE_FAMILY = "1,2";
			};
			name = Debug;
		};
		8E19E00F1EE9DF470085084D /* Release */ = {
			isa = XCBuildConfiguration;
			buildSettings = {
				ALWAYS_SEARCH_USER_PATHS = NO;
				CLANG_ANALYZER_NONNULL = YES;
				CLANG_ANALYZER_NUMBER_OBJECT_CONVERSION = YES_AGGRESSIVE;
				CLANG_CXX_LANGUAGE_STANDARD = "gnu++0x";
				CLANG_CXX_LIBRARY = "libc++";
				CLANG_ENABLE_MODULES = YES;
				CLANG_ENABLE_OBJC_ARC = YES;
				CLANG_WARN_BLOCK_CAPTURE_AUTORELEASING = YES;
				CLANG_WARN_BOOL_CONVERSION = YES;
				CLANG_WARN_COMMA = YES;
				CLANG_WARN_CONSTANT_CONVERSION = YES;
				CLANG_WARN_DEPRECATED_OBJC_IMPLEMENTATIONS = YES;
				CLANG_WARN_DIRECT_OBJC_ISA_USAGE = YES_ERROR;
				CLANG_WARN_DOCUMENTATION_COMMENTS = YES;
				CLANG_WARN_EMPTY_BODY = YES;
				CLANG_WARN_ENUM_CONVERSION = YES;
				CLANG_WARN_INFINITE_RECURSION = YES;
				CLANG_WARN_INT_CONVERSION = YES;
				CLANG_WARN_NON_LITERAL_NULL_CONVERSION = YES;
				CLANG_WARN_OBJC_IMPLICIT_RETAIN_SELF = YES;
				CLANG_WARN_OBJC_LITERAL_CONVERSION = YES;
				CLANG_WARN_OBJC_ROOT_CLASS = YES_ERROR;
				CLANG_WARN_RANGE_LOOP_ANALYSIS = YES;
				CLANG_WARN_STRICT_PROTOTYPES = YES;
				CLANG_WARN_SUSPICIOUS_MOVE = YES;
				CLANG_WARN_UNREACHABLE_CODE = YES;
				CLANG_WARN__DUPLICATE_METHOD_MATCH = YES;
				"CODE_SIGN_IDENTITY[sdk=iphoneos*]" = "iPhone Developer";
				COPY_PHASE_STRIP = NO;
				DEBUG_INFORMATION_FORMAT = "dwarf-with-dsym";
				ENABLE_NS_ASSERTIONS = NO;
				ENABLE_STRICT_OBJC_MSGSEND = YES;
				GCC_C_LANGUAGE_STANDARD = gnu99;
				GCC_NO_COMMON_BLOCKS = YES;
				GCC_WARN_64_TO_32_BIT_CONVERSION = YES;
				GCC_WARN_ABOUT_RETURN_TYPE = YES_ERROR;
				GCC_WARN_UNDECLARED_SELECTOR = YES;
				GCC_WARN_UNINITIALIZED_AUTOS = YES_AGGRESSIVE;
				GCC_WARN_UNUSED_FUNCTION = YES;
				GCC_WARN_UNUSED_VARIABLE = YES;
				IPHONEOS_DEPLOYMENT_TARGET = 10.3;
				MTL_ENABLE_DEBUG_INFO = NO;
				SDKROOT = iphoneos;
				SWIFT_OPTIMIZATION_LEVEL = "-Owholemodule";
				TARGETED_DEVICE_FAMILY = "1,2";
				VALIDATE_PRODUCT = YES;
			};
			name = Release;
		};
		8E19E0111EE9DF470085084D /* Debug */ = {
			isa = XCBuildConfiguration;
			baseConfigurationReference = 208BF2404A6ED0C2C2044227 /* Pods-fitbook-ios.debug.xcconfig */;
			buildSettings = {
				ASSETCATALOG_COMPILER_APPICON_NAME = AppIcon;
				DEVELOPMENT_TEAM = 28J8R24SUR;
				INFOPLIST_FILE = "fitbook-ios/Info.plist";
				LD_RUNPATH_SEARCH_PATHS = "$(inherited) @executable_path/Frameworks";
				PRODUCT_BUNDLE_IDENTIFIER = "pl.edu.amu.wmi.fitbook-ios";
				PRODUCT_NAME = FitBook;
				SWIFT_VERSION = 3.0;
			};
			name = Debug;
		};
		8E19E0121EE9DF470085084D /* Release */ = {
			isa = XCBuildConfiguration;
			baseConfigurationReference = 14AE08F25F3821728C969799 /* Pods-fitbook-ios.release.xcconfig */;
			buildSettings = {
				ASSETCATALOG_COMPILER_APPICON_NAME = AppIcon;
				DEVELOPMENT_TEAM = 28J8R24SUR;
				INFOPLIST_FILE = "fitbook-ios/Info.plist";
				LD_RUNPATH_SEARCH_PATHS = "$(inherited) @executable_path/Frameworks";
				PRODUCT_BUNDLE_IDENTIFIER = "pl.edu.amu.wmi.fitbook-ios";
				PRODUCT_NAME = FitBook;
				SWIFT_VERSION = 3.0;
			};
			name = Release;
		};
		8E19E0141EE9DF470085084D /* Debug */ = {
			isa = XCBuildConfiguration;
			baseConfigurationReference = 25BD4A7D440E64CF845AF9C1 /* Pods-fitbook-iosTests.debug.xcconfig */;
			buildSettings = {
				ALWAYS_EMBED_SWIFT_STANDARD_LIBRARIES = YES;
				BUNDLE_LOADER = "$(TEST_HOST)";
				DEVELOPMENT_TEAM = 28J8R24SUR;
				FRAMEWORK_SEARCH_PATHS = "$(inherited)";
				INFOPLIST_FILE = "fitbook-iosTests/Info.plist";
				LD_RUNPATH_SEARCH_PATHS = "$(inherited) @executable_path/Frameworks @loader_path/Frameworks";
				PRODUCT_BUNDLE_IDENTIFIER = "pl.edu.amu.wmi.fitbook-iosTests";
				PRODUCT_NAME = "$(TARGET_NAME)";
				SWIFT_VERSION = 3.0;
				TEST_HOST = "$(BUILT_PRODUCTS_DIR)/FitBook.app/FitBook";
			};
			name = Debug;
		};
		8E19E0151EE9DF470085084D /* Release */ = {
			isa = XCBuildConfiguration;
			baseConfigurationReference = EDDC3CE0B8B549DAA3911ADE /* Pods-fitbook-iosTests.release.xcconfig */;
			buildSettings = {
				ALWAYS_EMBED_SWIFT_STANDARD_LIBRARIES = YES;
				BUNDLE_LOADER = "$(TEST_HOST)";
				DEVELOPMENT_TEAM = 28J8R24SUR;
				FRAMEWORK_SEARCH_PATHS = "$(inherited)";
				INFOPLIST_FILE = "fitbook-iosTests/Info.plist";
				LD_RUNPATH_SEARCH_PATHS = "$(inherited) @executable_path/Frameworks @loader_path/Frameworks";
				PRODUCT_BUNDLE_IDENTIFIER = "pl.edu.amu.wmi.fitbook-iosTests";
				PRODUCT_NAME = "$(TARGET_NAME)";
				SWIFT_VERSION = 3.0;
				TEST_HOST = "$(BUILT_PRODUCTS_DIR)/FitBook.app/FitBook";
			};
			name = Release;
		};
/* End XCBuildConfiguration section */

/* Begin XCConfigurationList section */
		8E19DFE31EE9DF470085084D /* Build configuration list for PBXProject "fitbook-ios" */ = {
			isa = XCConfigurationList;
			buildConfigurations = (
				8E19E00E1EE9DF470085084D /* Debug */,
				8E19E00F1EE9DF470085084D /* Release */,
			);
			defaultConfigurationIsVisible = 0;
			defaultConfigurationName = Release;
		};
		8E19E0101EE9DF470085084D /* Build configuration list for PBXNativeTarget "fitbook-ios" */ = {
			isa = XCConfigurationList;
			buildConfigurations = (
				8E19E0111EE9DF470085084D /* Debug */,
				8E19E0121EE9DF470085084D /* Release */,
			);
			defaultConfigurationIsVisible = 0;
			defaultConfigurationName = Release;
		};
		8E19E0131EE9DF470085084D /* Build configuration list for PBXNativeTarget "fitbook-iosTests" */ = {
			isa = XCConfigurationList;
			buildConfigurations = (
				8E19E0141EE9DF470085084D /* Debug */,
				8E19E0151EE9DF470085084D /* Release */,
			);
			defaultConfigurationIsVisible = 0;
			defaultConfigurationName = Release;
		};
/* End XCConfigurationList section */
	};
	rootObject = 8E19DFE01EE9DF470085084D /* Project object */;
}
